
Microsoft Visual Studio Solution File, Format Version 12.00
# Visual Studio Version 16
VisualStudioVersion = 16.0.29503.13
MinimumVisualStudioVersion = 10.0.40219.1
Project("{9A19103F-16F7-4668-BE54-9A1E7A4F7556}") = "TodoApi", "TodoApi.csproj", "{BF3BCF93-3217-44F5-9D48-E3D78791C13A}"
EndProject
Global
	GlobalSection(SolutionConfigurationPlatforms) = preSolution
		Debug|Any CPU = Debug|Any CPU
		Release|Any CPU = Release|Any CPU
	EndGlobalSection
	GlobalSection(ProjectConfigurationPlatforms) = postSolution
		{BF3BCF93-3217-44F5-9D48-E3D78791C13A}.Debug|Any CPU.ActiveCfg = Debug|Any CPU
		{BF3BCF93-3217-44F5-9D48-E3D78791C13A}.Debug|Any CPU.Build.0 = Debug|Any CPU
		{BF3BCF93-3217-44F5-9D48-E3D78791C13A}.Release|Any CPU.ActiveCfg = Release|Any CPU
		{BF3BCF93-3217-44F5-9D48-E3D78791C13A}.Release|Any CPU.Build.0 = Release|Any CPU
	EndGlobalSection
	GlobalSection(SolutionProperties) = preSolution
		HideSolutionNode = FALSE
	EndGlobalSection
	GlobalSection(ExtensibilityGlobals) = postSolution
		SolutionGuid = {556C301C-A14E-4325-9915-58691A7516D4}
	EndGlobalSection
EndGlobal
